
Microsoft Visual Studio Solution File, Format Version 12.00
# Visual Studio Version 17
VisualStudioVersion = 17.8.34330.188
MinimumVisualStudioVersion = 10.0.40219.1
Project("{FAE04EC0-301F-11D3-BF4B-00C04F79EFBC}") = "VisualizacionArchivos", "VisualizacionArchivos\VisualizacionArchivos.csproj", "{F4969C9B-B06B-48DF-A504-935B4D2FD851}"
EndProject
Global
	GlobalSection(SolutionConfigurationPlatforms) = preSolution
		Debug|Any CPU = Debug|Any CPU
		Release|Any CPU = Release|Any CPU
	EndGlobalSection
	GlobalSection(ProjectConfigurationPlatforms) = postSolution
		{F4969C9B-B06B-48DF-A504-935B4D2FD851}.Debug|Any CPU.ActiveCfg = Debug|Any CPU
		{F4969C9B-B06B-48DF-A504-935B4D2FD851}.Debug|Any CPU.Build.0 = Debug|Any CPU
		{F4969C9B-B06B-48DF-A504-935B4D2FD851}.Release|Any CPU.ActiveCfg = Release|Any CPU
		{F4969C9B-B06B-48DF-A504-935B4D2FD851}.Release|Any CPU.Build.0 = Release|Any CPU
	EndGlobalSection
	GlobalSection(SolutionProperties) = preSolution
		HideSolutionNode = FALSE
	EndGlobalSection
	GlobalSection(ExtensibilityGlobals) = postSolution
		SolutionGuid = {934DEF9F-8CED-4460-9977-9A1845C9325D}
	EndGlobalSection
EndGlobal
