
Microsoft Visual Studio Solution File, Format Version 12.00
# Visual Studio Version 17
VisualStudioVersion = 17.8.34511.84
MinimumVisualStudioVersion = 10.0.40219.1
Project("{9A19103F-16F7-4668-BE54-9A1E7A4F7556}") = "LOPEZADRI FILE MANAGER 2", "LOPEZADRI FILE MANAGER 2\LOPEZADRI FILE MANAGER 2.csproj", "{9E8F01E2-EF35-4C3B-A529-4C56D2823648}"
EndProject
Project("{2150E333-8FDC-42A3-9474-1A3956D46DE8}") = "Solution Items", "Solution Items", "{23D705B7-2BC3-4A9B-A91B-16194D47291D}"
	ProjectSection(SolutionItems) = preProject
		.editorconfig = .editorconfig
	EndProjectSection
EndProject
Global
	GlobalSection(SolutionConfigurationPlatforms) = preSolution
		Debug|Any CPU = Debug|Any CPU
		Release|Any CPU = Release|Any CPU
	EndGlobalSection
	GlobalSection(ProjectConfigurationPlatforms) = postSolution
		{9E8F01E2-EF35-4C3B-A529-4C56D2823648}.Debug|Any CPU.ActiveCfg = Debug|Any CPU
		{9E8F01E2-EF35-4C3B-A529-4C56D2823648}.Debug|Any CPU.Build.0 = Debug|Any CPU
		{9E8F01E2-EF35-4C3B-A529-4C56D2823648}.Release|Any CPU.ActiveCfg = Release|Any CPU
		{9E8F01E2-EF35-4C3B-A529-4C56D2823648}.Release|Any CPU.Build.0 = Release|Any CPU
	EndGlobalSection
	GlobalSection(SolutionProperties) = preSolution
		HideSolutionNode = FALSE
	EndGlobalSection
	GlobalSection(ExtensibilityGlobals) = postSolution
		SolutionGuid = {F26CE3F6-AF19-4BB0-8E1A-1981712A6EB0}
	EndGlobalSection
EndGlobal
