
Microsoft Visual Studio Solution File, Format Version 12.00
# Visual Studio Version 17
VisualStudioVersion = 17.8.34511.84
MinimumVisualStudioVersion = 10.0.40219.1
Project("{FAE04EC0-301F-11D3-BF4B-00C04F79EFBC}") = "descargarprueba", "descargarprueba\descargarprueba.csproj", "{B0310B6D-7437-4AE6-BE58-FD5194A04CE2}"
EndProject
Global
	GlobalSection(SolutionConfigurationPlatforms) = preSolution
		Debug|Any CPU = Debug|Any CPU
		Release|Any CPU = Release|Any CPU
	EndGlobalSection
	GlobalSection(ProjectConfigurationPlatforms) = postSolution
		{B0310B6D-7437-4AE6-BE58-FD5194A04CE2}.Debug|Any CPU.ActiveCfg = Debug|Any CPU
		{B0310B6D-7437-4AE6-BE58-FD5194A04CE2}.Debug|Any CPU.Build.0 = Debug|Any CPU
		{B0310B6D-7437-4AE6-BE58-FD5194A04CE2}.Release|Any CPU.ActiveCfg = Release|Any CPU
		{B0310B6D-7437-4AE6-BE58-FD5194A04CE2}.Release|Any CPU.Build.0 = Release|Any CPU
	EndGlobalSection
	GlobalSection(SolutionProperties) = preSolution
		HideSolutionNode = FALSE
	EndGlobalSection
	GlobalSection(ExtensibilityGlobals) = postSolution
		SolutionGuid = {77B1B5E7-614C-4560-A27F-9ED5F9D20EAC}
	EndGlobalSection
EndGlobal
